
Microsoft Visual Studio Solution File, Format Version 12.00
# Visual Studio 14
VisualStudioVersion = 14.0.25420.1
MinimumVisualStudioVersion = 10.0.40219.1
Project("{2150E333-8FDC-42A3-9474-1A3956D46DE8}") = "Business", "Business", "{8763D7FE-3C1C-4577-B08B-DBF5D46EFE83}"
EndProject
Project("{2150E333-8FDC-42A3-9474-1A3956D46DE8}") = "Client", "Client", "{EFC0A158-5C37-48EC-8B4E-FD8BD9D7A2BC}"
EndProject
Project("{2150E333-8FDC-42A3-9474-1A3956D46DE8}") = "Core", "Core", "{F87CC24C-C74D-40A5-8FBF-C53D41B9EAEA}"
EndProject
Project("{2150E333-8FDC-42A3-9474-1A3956D46DE8}") = "Test", "Test", "{FFDA3E55-4FD5-4BCA-AF4D-1EACE7F3263A}"
EndProject
Project("{FAE04EC0-301F-11D3-BF4B-00C04F79EFBC}") = "CarRental.Business.Entities", "CarRental.Business.Entities\CarRental.Business.Entities.csproj", "{2B05974C-850B-48AF-A233-FA81644C4F13}"
EndProject
Project("{FAE04EC0-301F-11D3-BF4B-00C04F79EFBC}") = "CarRental.Client.Entities", "CarRental.Client.Entities\CarRental.Client.Entities.csproj", "{4A2F27DA-278D-4398-A725-56AAF170F43E}"
EndProject
Project("{FAE04EC0-301F-11D3-BF4B-00C04F79EFBC}") = "Core.Common", "Core.Common\Core.Common.csproj", "{9E62CC39-BC9D-4BC6-BE40-A6BEA2A275F1}"
EndProject
Project("{FAE04EC0-301F-11D3-BF4B-00C04F79EFBC}") = "Core.Common.Contracts", "Core.Common.Contracts\Core.Common.Contracts.csproj", "{A301B5ED-12E2-47B0-96D0-A49032BF3CA6}"
EndProject
Global
	GlobalSection(SolutionConfigurationPlatforms) = preSolution
		Debug|Any CPU = Debug|Any CPU
		Release|Any CPU = Release|Any CPU
	EndGlobalSection
	GlobalSection(ProjectConfigurationPlatforms) = postSolution
		{2B05974C-850B-48AF-A233-FA81644C4F13}.Debug|Any CPU.ActiveCfg = Debug|Any CPU
		{2B05974C-850B-48AF-A233-FA81644C4F13}.Debug|Any CPU.Build.0 = Debug|Any CPU
		{2B05974C-850B-48AF-A233-FA81644C4F13}.Release|Any CPU.ActiveCfg = Release|Any CPU
		{2B05974C-850B-48AF-A233-FA81644C4F13}.Release|Any CPU.Build.0 = Release|Any CPU
		{4A2F27DA-278D-4398-A725-56AAF170F43E}.Debug|Any CPU.ActiveCfg = Debug|Any CPU
		{4A2F27DA-278D-4398-A725-56AAF170F43E}.Debug|Any CPU.Build.0 = Debug|Any CPU
		{4A2F27DA-278D-4398-A725-56AAF170F43E}.Release|Any CPU.ActiveCfg = Release|Any CPU
		{4A2F27DA-278D-4398-A725-56AAF170F43E}.Release|Any CPU.Build.0 = Release|Any CPU
		{9E62CC39-BC9D-4BC6-BE40-A6BEA2A275F1}.Debug|Any CPU.ActiveCfg = Debug|Any CPU
		{9E62CC39-BC9D-4BC6-BE40-A6BEA2A275F1}.Debug|Any CPU.Build.0 = Debug|Any CPU
		{9E62CC39-BC9D-4BC6-BE40-A6BEA2A275F1}.Release|Any CPU.ActiveCfg = Release|Any CPU
		{9E62CC39-BC9D-4BC6-BE40-A6BEA2A275F1}.Release|Any CPU.Build.0 = Release|Any CPU
		{A301B5ED-12E2-47B0-96D0-A49032BF3CA6}.Debug|Any CPU.ActiveCfg = Debug|Any CPU
		{A301B5ED-12E2-47B0-96D0-A49032BF3CA6}.Debug|Any CPU.Build.0 = Debug|Any CPU
		{A301B5ED-12E2-47B0-96D0-A49032BF3CA6}.Release|Any CPU.ActiveCfg = Release|Any CPU
		{A301B5ED-12E2-47B0-96D0-A49032BF3CA6}.Release|Any CPU.Build.0 = Release|Any CPU
	EndGlobalSection
	GlobalSection(SolutionProperties) = preSolution
		HideSolutionNode = FALSE
	EndGlobalSection
	GlobalSection(NestedProjects) = preSolution
		{2B05974C-850B-48AF-A233-FA81644C4F13} = {8763D7FE-3C1C-4577-B08B-DBF5D46EFE83}
		{4A2F27DA-278D-4398-A725-56AAF170F43E} = {EFC0A158-5C37-48EC-8B4E-FD8BD9D7A2BC}
		{9E62CC39-BC9D-4BC6-BE40-A6BEA2A275F1} = {F87CC24C-C74D-40A5-8FBF-C53D41B9EAEA}
		{A301B5ED-12E2-47B0-96D0-A49032BF3CA6} = {F87CC24C-C74D-40A5-8FBF-C53D41B9EAEA}
	EndGlobalSection
EndGlobal
